
Microsoft Visual Studio Solution File, Format Version 12.00
# Visual Studio 15
VisualStudioVersion = 15.0.27703.2035
MinimumVisualStudioVersion = 10.0.40219.1
Project("{FAE04EC0-301F-11D3-BF4B-00C04F79EFBC}") = "BranchWin32", "BranchWin32\BranchWin32.csproj", "{CE13BCE6-72E5-406F-AFFF-4CCE9B1685C9}"
EndProject
Global
	GlobalSection(SolutionConfigurationPlatforms) = preSolution
		Debug|Any CPU = Debug|Any CPU
		Release|Any CPU = Release|Any CPU
	EndGlobalSection
	GlobalSection(ProjectConfigurationPlatforms) = postSolution
		{CE13BCE6-72E5-406F-AFFF-4CCE9B1685C9}.Debug|Any CPU.ActiveCfg = Debug|Any CPU
		{CE13BCE6-72E5-406F-AFFF-4CCE9B1685C9}.Debug|Any CPU.Build.0 = Debug|Any CPU
		{CE13BCE6-72E5-406F-AFFF-4CCE9B1685C9}.Release|Any CPU.ActiveCfg = Release|Any CPU
		{CE13BCE6-72E5-406F-AFFF-4CCE9B1685C9}.Release|Any CPU.Build.0 = Release|Any CPU
	EndGlobalSection
	GlobalSection(SolutionProperties) = preSolution
		HideSolutionNode = FALSE
	EndGlobalSection
	GlobalSection(ExtensibilityGlobals) = postSolution
		SolutionGuid = {2C6831A8-D09F-4CCD-B1F6-B95E08E694D8}
	EndGlobalSection
EndGlobal
