
Microsoft Visual Studio Solution File, Format Version 12.00
# Visual Studio 15
VisualStudioVersion = 15.0.27703.2035
MinimumVisualStudioVersion = 10.0.40219.1
Project("{FAE04EC0-301F-11D3-BF4B-00C04F79EFBC}") = "Testbed-Windows-Win32", "Testbed-Windows-Win32\Testbed-Windows-Win32.csproj", "{EC672778-F2A1-40D3-89D1-27695CCBB048}"
EndProject
Global
	GlobalSection(SolutionConfigurationPlatforms) = preSolution
		Debug|Any CPU = Debug|Any CPU
		Release|Any CPU = Release|Any CPU
	EndGlobalSection
	GlobalSection(ProjectConfigurationPlatforms) = postSolution
		{EC672778-F2A1-40D3-89D1-27695CCBB048}.Debug|Any CPU.ActiveCfg = Debug|Any CPU
		{EC672778-F2A1-40D3-89D1-27695CCBB048}.Debug|Any CPU.Build.0 = Debug|Any CPU
		{EC672778-F2A1-40D3-89D1-27695CCBB048}.Release|Any CPU.ActiveCfg = Release|Any CPU
		{EC672778-F2A1-40D3-89D1-27695CCBB048}.Release|Any CPU.Build.0 = Release|Any CPU
	EndGlobalSection
	GlobalSection(SolutionProperties) = preSolution
		HideSolutionNode = FALSE
	EndGlobalSection
	GlobalSection(ExtensibilityGlobals) = postSolution
		SolutionGuid = {002BE8B4-D46B-44F6-A52F-2A78F0C2FBA2}
	EndGlobalSection
EndGlobal
