
Microsoft Visual Studio Solution File, Format Version 12.00
# Visual Studio 15
VisualStudioVersion = 15.0.27703.2035
MinimumVisualStudioVersion = 10.0.40219.1
Project("{8BC9CEB8-8B4A-11D0-8D11-00A0C91BC942}") = "Testbed-Windows-COM-Win32", "Testbed-Windows-COM-Win32\Testbed-Windows-COM-Win32.vcxproj", "{F02FE0D5-EE14-4C1D-9CB7-AEDACF966922}"
EndProject
Global
	GlobalSection(SolutionConfigurationPlatforms) = preSolution
		Debug|x64 = Debug|x64
		Debug|x86 = Debug|x86
		Release|x64 = Release|x64
		Release|x86 = Release|x86
	EndGlobalSection
	GlobalSection(ProjectConfigurationPlatforms) = postSolution
		{F02FE0D5-EE14-4C1D-9CB7-AEDACF966922}.Debug|x64.ActiveCfg = Debug|x64
		{F02FE0D5-EE14-4C1D-9CB7-AEDACF966922}.Debug|x64.Build.0 = Debug|x64
		{F02FE0D5-EE14-4C1D-9CB7-AEDACF966922}.Debug|x86.ActiveCfg = Debug|Win32
		{F02FE0D5-EE14-4C1D-9CB7-AEDACF966922}.Debug|x86.Build.0 = Debug|Win32
		{F02FE0D5-EE14-4C1D-9CB7-AEDACF966922}.Release|x64.ActiveCfg = Release|x64
		{F02FE0D5-EE14-4C1D-9CB7-AEDACF966922}.Release|x64.Build.0 = Release|x64
		{F02FE0D5-EE14-4C1D-9CB7-AEDACF966922}.Release|x86.ActiveCfg = Release|Win32
		{F02FE0D5-EE14-4C1D-9CB7-AEDACF966922}.Release|x86.Build.0 = Release|Win32
	EndGlobalSection
	GlobalSection(SolutionProperties) = preSolution
		HideSolutionNode = FALSE
	EndGlobalSection
	GlobalSection(ExtensibilityGlobals) = postSolution
		SolutionGuid = {57AB5338-C4C8-4142-9E85-6FA1B54FA44D}
	EndGlobalSection
EndGlobal
